// !$*UTF8*$!
{
	archiveVersion = 1;
	classes = {
	};
	objectVersion = 50;
	objects = {

/* Begin PBXBuildFile section */
		C1B9779F2388758A004B906B /* LoginPresenter.swift in Sources */ = {isa = PBXBuildFile; fileRef = C1B9779E2388758A004B906B /* LoginPresenter.swift */; };
		C1B977A123887626004B906B /* LoginInteractor.swift in Sources */ = {isa = PBXBuildFile; fileRef = C1B977A023887626004B906B /* LoginInteractor.swift */; };
		C1B977A3238876A8004B906B /* LoginConfigurator.swift in Sources */ = {isa = PBXBuildFile; fileRef = C1B977A2238876A8004B906B /* LoginConfigurator.swift */; };
		C1B977A5238876E9004B906B /* LoginRouter.swift in Sources */ = {isa = PBXBuildFile; fileRef = C1B977A4238876E9004B906B /* LoginRouter.swift */; };
		C1B977A72389149A004B906B /* SteamUser.swift in Sources */ = {isa = PBXBuildFile; fileRef = C1B977A62389149A004B906B /* SteamUser.swift */; };
		C1B977A9238914E6004B906B /* String+SteamId.swift in Sources */ = {isa = PBXBuildFile; fileRef = C1B977A8238914E6004B906B /* String+SteamId.swift */; };
		C1B977AB23891541004B906B /* SteamVanity.swift in Sources */ = {isa = PBXBuildFile; fileRef = C1B977AA23891541004B906B /* SteamVanity.swift */; };
		C1B977AD23891569004B906B /* SteamVanityResponse.swift in Sources */ = {isa = PBXBuildFile; fileRef = C1B977AC23891569004B906B /* SteamVanityResponse.swift */; };
		C1E8297723885925004F2DA3 /* AppDelegate.swift in Sources */ = {isa = PBXBuildFile; fileRef = C1E8297623885925004F2DA3 /* AppDelegate.swift */; };
		C1E8297923885925004F2DA3 /* SceneDelegate.swift in Sources */ = {isa = PBXBuildFile; fileRef = C1E8297823885925004F2DA3 /* SceneDelegate.swift */; };
		C1E8297B23885925004F2DA3 /* LoginViewController.swift in Sources */ = {isa = PBXBuildFile; fileRef = C1E8297A23885925004F2DA3 /* LoginViewController.swift */; };
		C1E8298023885925004F2DA3 /* Assets.xcassets in Resources */ = {isa = PBXBuildFile; fileRef = C1E8297F23885925004F2DA3 /* Assets.xcassets */; };
		C1E8298323885925004F2DA3 /* LaunchScreen.storyboard in Resources */ = {isa = PBXBuildFile; fileRef = C1E8298123885925004F2DA3 /* LaunchScreen.storyboard */; };
		C1E8298E23886BD1004F2DA3 /* Podfile in Resources */ = {isa = PBXBuildFile; fileRef = C1E8298D23886BD1004F2DA3 /* Podfile */; };
		F291D029FCAB3BF86EB8A97F /* libPods-SteamClient.a in Frameworks */ = {isa = PBXBuildFile; fileRef = B1C0D08F3FC978C91561C719 /* libPods-SteamClient.a */; };
/* End PBXBuildFile section */

/* Begin PBXFileReference section */
		2245D8C09485FA676C5D01FE /* Pods-SteamClient.debug.xcconfig */ = {isa = PBXFileReference; includeInIndex = 1; lastKnownFileType = text.xcconfig; name = "Pods-SteamClient.debug.xcconfig"; path = "Target Support Files/Pods-SteamClient/Pods-SteamClient.debug.xcconfig"; sourceTree = "<group>"; };
		3BCA2C22DDA9F1DF44814F01 /* Pods-SteamClient.release.xcconfig */ = {isa = PBXFileReference; includeInIndex = 1; lastKnownFileType = text.xcconfig; name = "Pods-SteamClient.release.xcconfig"; path = "Target Support Files/Pods-SteamClient/Pods-SteamClient.release.xcconfig"; sourceTree = "<group>"; };
		B1C0D08F3FC978C91561C719 /* libPods-SteamClient.a */ = {isa = PBXFileReference; explicitFileType = archive.ar; includeInIndex = 0; path = "libPods-SteamClient.a"; sourceTree = BUILT_PRODUCTS_DIR; };
		C1B9779E2388758A004B906B /* LoginPresenter.swift */ = {isa = PBXFileReference; lastKnownFileType = sourcecode.swift; path = LoginPresenter.swift; sourceTree = "<group>"; };
		C1B977A023887626004B906B /* LoginInteractor.swift */ = {isa = PBXFileReference; lastKnownFileType = sourcecode.swift; path = LoginInteractor.swift; sourceTree = "<group>"; };
		C1B977A2238876A8004B906B /* LoginConfigurator.swift */ = {isa = PBXFileReference; lastKnownFileType = sourcecode.swift; path = LoginConfigurator.swift; sourceTree = "<group>"; };
		C1B977A4238876E9004B906B /* LoginRouter.swift */ = {isa = PBXFileReference; lastKnownFileType = sourcecode.swift; path = LoginRouter.swift; sourceTree = "<group>"; };
		C1B977A62389149A004B906B /* SteamUser.swift */ = {isa = PBXFileReference; lastKnownFileType = sourcecode.swift; path = SteamUser.swift; sourceTree = "<group>"; };
		C1B977A8238914E6004B906B /* String+SteamId.swift */ = {isa = PBXFileReference; lastKnownFileType = sourcecode.swift; path = "String+SteamId.swift"; sourceTree = "<group>"; };
		C1B977AA23891541004B906B /* SteamVanity.swift */ = {isa = PBXFileReference; lastKnownFileType = sourcecode.swift; path = SteamVanity.swift; sourceTree = "<group>"; };
		C1B977AC23891569004B906B /* SteamVanityResponse.swift */ = {isa = PBXFileReference; lastKnownFileType = sourcecode.swift; path = SteamVanityResponse.swift; sourceTree = "<group>"; };
		C1E8297323885925004F2DA3 /* SteamClient.app */ = {isa = PBXFileReference; explicitFileType = wrapper.application; includeInIndex = 0; path = SteamClient.app; sourceTree = BUILT_PRODUCTS_DIR; };
		C1E8297623885925004F2DA3 /* AppDelegate.swift */ = {isa = PBXFileReference; lastKnownFileType = sourcecode.swift; path = AppDelegate.swift; sourceTree = "<group>"; };
		C1E8297823885925004F2DA3 /* SceneDelegate.swift */ = {isa = PBXFileReference; lastKnownFileType = sourcecode.swift; path = SceneDelegate.swift; sourceTree = "<group>"; };
		C1E8297A23885925004F2DA3 /* LoginViewController.swift */ = {isa = PBXFileReference; lastKnownFileType = sourcecode.swift; path = LoginViewController.swift; sourceTree = "<group>"; };
		C1E8297F23885925004F2DA3 /* Assets.xcassets */ = {isa = PBXFileReference; lastKnownFileType = folder.assetcatalog; path = Assets.xcassets; sourceTree = "<group>"; };
		C1E8298223885925004F2DA3 /* Base */ = {isa = PBXFileReference; lastKnownFileType = file.storyboard; name = Base; path = Base.lproj/LaunchScreen.storyboard; sourceTree = "<group>"; };
		C1E8298423885925004F2DA3 /* Info.plist */ = {isa = PBXFileReference; lastKnownFileType = text.plist.xml; path = Info.plist; sourceTree = "<group>"; };
		C1E8298D23886BD1004F2DA3 /* Podfile */ = {isa = PBXFileReference; lastKnownFileType = text; path = Podfile; sourceTree = "<group>"; };
/* End PBXFileReference section */

/* Begin PBXFrameworksBuildPhase section */
		C1E8297023885925004F2DA3 /* Frameworks */ = {
			isa = PBXFrameworksBuildPhase;
			buildActionMask = 2147483647;
			files = (
				F291D029FCAB3BF86EB8A97F /* libPods-SteamClient.a in Frameworks */,
			);
			runOnlyForDeploymentPostprocessing = 0;
		};
/* End PBXFrameworksBuildPhase section */

/* Begin PBXGroup section */
		0AA46AD4E1842F79498192B6 /* Frameworks */ = {
			isa = PBXGroup;
			children = (
				B1C0D08F3FC978C91561C719 /* libPods-SteamClient.a */,
			);
			name = Frameworks;
			sourceTree = "<group>";
		};
		90D914F5AFDC990E1538B05E /* Pods */ = {
			isa = PBXGroup;
			children = (
				2245D8C09485FA676C5D01FE /* Pods-SteamClient.debug.xcconfig */,
				3BCA2C22DDA9F1DF44814F01 /* Pods-SteamClient.release.xcconfig */,
			);
			path = Pods;
			sourceTree = "<group>";
		};
		C1E8296A23885925004F2DA3 = {
			isa = PBXGroup;
			children = (
				C1E8298D23886BD1004F2DA3 /* Podfile */,
				C1E8297523885925004F2DA3 /* SteamClient */,
				C1E8297423885925004F2DA3 /* Products */,
				90D914F5AFDC990E1538B05E /* Pods */,
				0AA46AD4E1842F79498192B6 /* Frameworks */,
			);
			sourceTree = "<group>";
		};
		C1E8297423885925004F2DA3 /* Products */ = {
			isa = PBXGroup;
			children = (
				C1E8297323885925004F2DA3 /* SteamClient.app */,
			);
			name = Products;
			sourceTree = "<group>";
		};
		C1E8297523885925004F2DA3 /* SteamClient */ = {
			isa = PBXGroup;
			children = (
				C1E8297623885925004F2DA3 /* AppDelegate.swift */,
				C1E8297823885925004F2DA3 /* SceneDelegate.swift */,
				C1E8298A23885E3F004F2DA3 /* Login */,
				C1B977A62389149A004B906B /* SteamUser.swift */,
				C1B977A8238914E6004B906B /* String+SteamId.swift */,
				C1B977AA23891541004B906B /* SteamVanity.swift */,
				C1B977AC23891569004B906B /* SteamVanityResponse.swift */,
				C1E8297F23885925004F2DA3 /* Assets.xcassets */,
				C1E8298123885925004F2DA3 /* LaunchScreen.storyboard */,
				C1E8298423885925004F2DA3 /* Info.plist */,
			);
			path = SteamClient;
			sourceTree = "<group>";
		};
		C1E8298A23885E3F004F2DA3 /* Login */ = {
			isa = PBXGroup;
			children = (
				C1E8297A23885925004F2DA3 /* LoginViewController.swift */,
				C1B9779E2388758A004B906B /* LoginPresenter.swift */,
				C1B977A023887626004B906B /* LoginInteractor.swift */,
				C1B977A2238876A8004B906B /* LoginConfigurator.swift */,
				C1B977A4238876E9004B906B /* LoginRouter.swift */,
			);
			path = Login;
			sourceTree = "<group>";
		};
/* End PBXGroup section */

/* Begin PBXNativeTarget section */
		C1E8297223885925004F2DA3 /* SteamClient */ = {
			isa = PBXNativeTarget;
			buildConfigurationList = C1E8298723885925004F2DA3 /* Build configuration list for PBXNativeTarget "SteamClient" */;
			buildPhases = (
				CC43750F6DD121E106F08914 /* [CP] Check Pods Manifest.lock */,
				C1E8296F23885925004F2DA3 /* Sources */,
				C1E8297023885925004F2DA3 /* Frameworks */,
				C1E8297123885925004F2DA3 /* Resources */,
			);
			buildRules = (
			);
			dependencies = (
			);
			name = SteamClient;
			productName = SteamClient;
			productReference = C1E8297323885925004F2DA3 /* SteamClient.app */;
			productType = "com.apple.product-type.application";
		};
/* End PBXNativeTarget section */

/* Begin PBXProject section */
		C1E8296B23885925004F2DA3 /* Project object */ = {
			isa = PBXProject;
			attributes = {
				LastSwiftUpdateCheck = 1120;
				LastUpgradeCheck = 1120;
				ORGANIZATIONNAME = godemodegame;
				TargetAttributes = {
					C1E8297223885925004F2DA3 = {
						CreatedOnToolsVersion = 11.2.1;
					};
				};
			};
			buildConfigurationList = C1E8296E23885925004F2DA3 /* Build configuration list for PBXProject "SteamClient" */;
			compatibilityVersion = "Xcode 9.3";
			developmentRegion = en;
			hasScannedForEncodings = 0;
			knownRegions = (
				en,
				Base,
			);
			mainGroup = C1E8296A23885925004F2DA3;
			productRefGroup = C1E8297423885925004F2DA3 /* Products */;
			projectDirPath = "";
			projectRoot = "";
			targets = (
				C1E8297223885925004F2DA3 /* SteamClient */,
			);
		};
/* End PBXProject section */

/* Begin PBXResourcesBuildPhase section */
		C1E8297123885925004F2DA3 /* Resources */ = {
			isa = PBXResourcesBuildPhase;
			buildActionMask = 2147483647;
			files = (
				C1E8298E23886BD1004F2DA3 /* Podfile in Resources */,
				C1E8298323885925004F2DA3 /* LaunchScreen.storyboard in Resources */,
				C1E8298023885925004F2DA3 /* Assets.xcassets in Resources */,
			);
			runOnlyForDeploymentPostprocessing = 0;
		};
/* End PBXResourcesBuildPhase section */

/* Begin PBXShellScriptBuildPhase section */
		CC43750F6DD121E106F08914 /* [CP] Check Pods Manifest.lock */ = {
			isa = PBXShellScriptBuildPhase;
			buildActionMask = 2147483647;
			files = (
			);
			inputFileListPaths = (
			);
			inputPaths = (
				"${PODS_PODFILE_DIR_PATH}/Podfile.lock",
				"${PODS_ROOT}/Manifest.lock",
			);
			name = "[CP] Check Pods Manifest.lock";
			outputFileListPaths = (
			);
			outputPaths = (
				"$(DERIVED_FILE_DIR)/Pods-SteamClient-checkManifestLockResult.txt",
			);
			runOnlyForDeploymentPostprocessing = 0;
			shellPath = /bin/sh;
			shellScript = "diff \"${PODS_PODFILE_DIR_PATH}/Podfile.lock\" \"${PODS_ROOT}/Manifest.lock\" > /dev/null\nif [ $? != 0 ] ; then\n    # print error to STDERR\n    echo \"error: The sandbox is not in sync with the Podfile.lock. Run 'pod install' or update your CocoaPods installation.\" >&2\n    exit 1\nfi\n# This output is used by Xcode 'outputs' to avoid re-running this script phase.\necho \"SUCCESS\" > \"${SCRIPT_OUTPUT_FILE_0}\"\n";
			showEnvVarsInLog = 0;
		};
/* End PBXShellScriptBuildPhase section */

/* Begin PBXSourcesBuildPhase section */
		C1E8296F23885925004F2DA3 /* Sources */ = {
			isa = PBXSourcesBuildPhase;
			buildActionMask = 2147483647;
			files = (
				C1B977A3238876A8004B906B /* LoginConfigurator.swift in Sources */,
				C1B977AB23891541004B906B /* SteamVanity.swift in Sources */,
				C1B9779F2388758A004B906B /* LoginPresenter.swift in Sources */,
				C1E8297B23885925004F2DA3 /* LoginViewController.swift in Sources */,
				C1B977AD23891569004B906B /* SteamVanityResponse.swift in Sources */,
				C1B977A9238914E6004B906B /* String+SteamId.swift in Sources */,
				C1B977A72389149A004B906B /* SteamUser.swift in Sources */,
				C1E8297723885925004F2DA3 /* AppDelegate.swift in Sources */,
				C1B977A123887626004B906B /* LoginInteractor.swift in Sources */,
				C1B977A5238876E9004B906B /* LoginRouter.swift in Sources */,
				C1E8297923885925004F2DA3 /* SceneDelegate.swift in Sources */,
			);
			runOnlyForDeploymentPostprocessing = 0;
		};
/* End PBXSourcesBuildPhase section */

/* Begin PBXVariantGroup section */
		C1E8298123885925004F2DA3 /* LaunchScreen.storyboard */ = {
			isa = PBXVariantGroup;
			children = (
				C1E8298223885925004F2DA3 /* Base */,
			);
			name = LaunchScreen.storyboard;
			sourceTree = "<group>";
		};
/* End PBXVariantGroup section */

/* Begin XCBuildConfiguration section */
		C1E8298523885925004F2DA3 /* Debug */ = {
			isa = XCBuildConfiguration;
			buildSettings = {
				ALWAYS_SEARCH_USER_PATHS = NO;
				CLANG_ANALYZER_NONNULL = YES;
				CLANG_ANALYZER_NUMBER_OBJECT_CONVERSION = YES_AGGRESSIVE;
				CLANG_CXX_LANGUAGE_STANDARD = "gnu++14";
				CLANG_CXX_LIBRARY = "libc++";
				CLANG_ENABLE_MODULES = YES;
				CLANG_ENABLE_OBJC_ARC = YES;
				CLANG_ENABLE_OBJC_WEAK = YES;
				CLANG_WARN_BLOCK_CAPTURE_AUTORELEASING = YES;
				CLANG_WARN_BOOL_CONVERSION = YES;
				CLANG_WARN_COMMA = YES;
				CLANG_WARN_CONSTANT_CONVERSION = YES;
				CLANG_WARN_DEPRECATED_OBJC_IMPLEMENTATIONS = YES;
				CLANG_WARN_DIRECT_OBJC_ISA_USAGE = YES_ERROR;
				CLANG_WARN_DOCUMENTATION_COMMENTS = YES;
				CLANG_WARN_EMPTY_BODY = YES;
				CLANG_WARN_ENUM_CONVERSION = YES;
				CLANG_WARN_INFINITE_RECURSION = YES;
				CLANG_WARN_INT_CONVERSION = YES;
				CLANG_WARN_NON_LITERAL_NULL_CONVERSION = YES;
				CLANG_WARN_OBJC_IMPLICIT_RETAIN_SELF = YES;
				CLANG_WARN_OBJC_LITERAL_CONVERSION = YES;
				CLANG_WARN_OBJC_ROOT_CLASS = YES_ERROR;
				CLANG_WARN_RANGE_LOOP_ANALYSIS = YES;
				CLANG_WARN_STRICT_PROTOTYPES = YES;
				CLANG_WARN_SUSPICIOUS_MOVE = YES;
				CLANG_WARN_UNGUARDED_AVAILABILITY = YES_AGGRESSIVE;
				CLANG_WARN_UNREACHABLE_CODE = YES;
				CLANG_WARN__DUPLICATE_METHOD_MATCH = YES;
				COPY_PHASE_STRIP = NO;
				DEBUG_INFORMATION_FORMAT = dwarf;
				ENABLE_STRICT_OBJC_MSGSEND = YES;
				ENABLE_TESTABILITY = YES;
				GCC_C_LANGUAGE_STANDARD = gnu11;
				GCC_DYNAMIC_NO_PIC = NO;
				GCC_NO_COMMON_BLOCKS = YES;
				GCC_OPTIMIZATION_LEVEL = 0;
				GCC_PREPROCESSOR_DEFINITIONS = (
					"DEBUG=1",
					"$(inherited)",
				);
				GCC_WARN_64_TO_32_BIT_CONVERSION = YES;
				GCC_WARN_ABOUT_RETURN_TYPE = YES_ERROR;
				GCC_WARN_UNDECLARED_SELECTOR = YES;
				GCC_WARN_UNINITIALIZED_AUTOS = YES_AGGRESSIVE;
				GCC_WARN_UNUSED_FUNCTION = YES;
				GCC_WARN_UNUSED_VARIABLE = YES;
				IPHONEOS_DEPLOYMENT_TARGET = 13.2;
				MTL_ENABLE_DEBUG_INFO = INCLUDE_SOURCE;
				MTL_FAST_MATH = YES;
				ONLY_ACTIVE_ARCH = YES;
				SDKROOT = iphoneos;
				SWIFT_ACTIVE_COMPILATION_CONDITIONS = DEBUG;
				SWIFT_OPTIMIZATION_LEVEL = "-Onone";
			};
			name = Debug;
		};
		C1E8298623885925004F2DA3 /* Release */ = {
			isa = XCBuildConfiguration;
			buildSettings = {
				ALWAYS_SEARCH_USER_PATHS = NO;
				CLANG_ANALYZER_NONNULL = YES;
				CLANG_ANALYZER_NUMBER_OBJECT_CONVERSION = YES_AGGRESSIVE;
				CLANG_CXX_LANGUAGE_STANDARD = "gnu++14";
				CLANG_CXX_LIBRARY = "libc++";
				CLANG_ENABLE_MODULES = YES;
				CLANG_ENABLE_OBJC_ARC = YES;
				CLANG_ENABLE_OBJC_WEAK = YES;
				CLANG_WARN_BLOCK_CAPTURE_AUTORELEASING = YES;
				CLANG_WARN_BOOL_CONVERSION = YES;
				CLANG_WARN_COMMA = YES;
				CLANG_WARN_CONSTANT_CONVERSION = YES;
				CLANG_WARN_DEPRECATED_OBJC_IMPLEMENTATIONS = YES;
				CLANG_WARN_DIRECT_OBJC_ISA_USAGE = YES_ERROR;
				CLANG_WARN_DOCUMENTATION_COMMENTS = YES;
				CLANG_WARN_EMPTY_BODY = YES;
				CLANG_WARN_ENUM_CONVERSION = YES;
				CLANG_WARN_INFINITE_RECURSION = YES;
				CLANG_WARN_INT_CONVERSION = YES;
				CLANG_WARN_NON_LITERAL_NULL_CONVERSION = YES;
				CLANG_WARN_OBJC_IMPLICIT_RETAIN_SELF = YES;
				CLANG_WARN_OBJC_LITERAL_CONVERSION = YES;
				CLANG_WARN_OBJC_ROOT_CLASS = YES_ERROR;
				CLANG_WARN_RANGE_LOOP_ANALYSIS = YES;
				CLANG_WARN_STRICT_PROTOTYPES = YES;
				CLANG_WARN_SUSPICIOUS_MOVE = YES;
				CLANG_WARN_UNGUARDED_AVAILABILITY = YES_AGGRESSIVE;
				CLANG_WARN_UNREACHABLE_CODE = YES;
				CLANG_WARN__DUPLICATE_METHOD_MATCH = YES;
				COPY_PHASE_STRIP = NO;
				DEBUG_INFORMATION_FORMAT = "dwarf-with-dsym";
				ENABLE_NS_ASSERTIONS = NO;
				ENABLE_STRICT_OBJC_MSGSEND = YES;
				GCC_C_LANGUAGE_STANDARD = gnu11;
				GCC_NO_COMMON_BLOCKS = YES;
				GCC_WARN_64_TO_32_BIT_CONVERSION = YES;
				GCC_WARN_ABOUT_RETURN_TYPE = YES_ERROR;
				GCC_WARN_UNDECLARED_SELECTOR = YES;
				GCC_WARN_UNINITIALIZED_AUTOS = YES_AGGRESSIVE;
				GCC_WARN_UNUSED_FUNCTION = YES;
				GCC_WARN_UNUSED_VARIABLE = YES;
				IPHONEOS_DEPLOYMENT_TARGET = 13.2;
				MTL_ENABLE_DEBUG_INFO = NO;
				MTL_FAST_MATH = YES;
				SDKROOT = iphoneos;
				SWIFT_COMPILATION_MODE = wholemodule;
				SWIFT_OPTIMIZATION_LEVEL = "-O";
				VALIDATE_PRODUCT = YES;
			};
			name = Release;
		};
		C1E8298823885925004F2DA3 /* Debug */ = {
			isa = XCBuildConfiguration;
			baseConfigurationReference = 2245D8C09485FA676C5D01FE /* Pods-SteamClient.debug.xcconfig */;
			buildSettings = {
				ASSETCATALOG_COMPILER_APPICON_NAME = AppIcon;
				CODE_SIGN_STYLE = Automatic;
				DEVELOPMENT_TEAM = N9SGQL8822;
				INFOPLIST_FILE = SteamClient/Info.plist;
				IPHONEOS_DEPLOYMENT_TARGET = 10.0;
				LD_RUNPATH_SEARCH_PATHS = (
					"$(inherited)",
					"@executable_path/Frameworks",
				);
				PRODUCT_BUNDLE_IDENTIFIER = gmg.SteamClient;
				PRODUCT_NAME = "$(TARGET_NAME)";
				SWIFT_VERSION = 5.0;
				TARGETED_DEVICE_FAMILY = 1;
			};
			name = Debug;
		};
		C1E8298923885925004F2DA3 /* Release */ = {
			isa = XCBuildConfiguration;
			baseConfigurationReference = 3BCA2C22DDA9F1DF44814F01 /* Pods-SteamClient.release.xcconfig */;
			buildSettings = {
				ASSETCATALOG_COMPILER_APPICON_NAME = AppIcon;
				CODE_SIGN_STYLE = Automatic;
				DEVELOPMENT_TEAM = N9SGQL8822;
				INFOPLIST_FILE = SteamClient/Info.plist;
				IPHONEOS_DEPLOYMENT_TARGET = 10.0;
				LD_RUNPATH_SEARCH_PATHS = (
					"$(inherited)",
					"@executable_path/Frameworks",
				);
				PRODUCT_BUNDLE_IDENTIFIER = gmg.SteamClient;
				PRODUCT_NAME = "$(TARGET_NAME)";
				SWIFT_VERSION = 5.0;
				TARGETED_DEVICE_FAMILY = 1;
			};
			name = Release;
		};
/* End XCBuildConfiguration section */

/* Begin XCConfigurationList section */
		C1E8296E23885925004F2DA3 /* Build configuration list for PBXProject "SteamClient" */ = {
			isa = XCConfigurationList;
			buildConfigurations = (
				C1E8298523885925004F2DA3 /* Debug */,
				C1E8298623885925004F2DA3 /* Release */,
			);
			defaultConfigurationIsVisible = 0;
			defaultConfigurationName = Release;
		};
		C1E8298723885925004F2DA3 /* Build configuration list for PBXNativeTarget "SteamClient" */ = {
			isa = XCConfigurationList;
			buildConfigurations = (
				C1E8298823885925004F2DA3 /* Debug */,
				C1E8298923885925004F2DA3 /* Release */,
			);
			defaultConfigurationIsVisible = 0;
			defaultConfigurationName = Release;
		};
/* End XCConfigurationList section */
	};
	rootObject = C1E8296B23885925004F2DA3 /* Project object */;
}
